
Microsoft Visual Studio Solution File, Format Version 12.00
# Visual Studio Version 17
VisualStudioVersion = 17.0.31903.59
MinimumVisualStudioVersion = 10.0.40219.1
Project("{FAE04EC0-301F-11D3-BF4B-00C04F79EFBC}") = "StringLibrary", "StringLibrary\StringLibrary.csproj", "{D408E8D3-5EFF-4145-B3B4-0072F4345FA5}"
EndProject
Project("{FAE04EC0-301F-11D3-BF4B-00C04F79EFBC}") = "ShowCase", "ShowCase\ShowCase.csproj", "{FBCA5100-0245-486E-BF17-9B592D26B45C}"
EndProject
Project("{FAE04EC0-301F-11D3-BF4B-00C04F79EFBC}") = "StringLibraryTest", "StringLibraryTest\StringLibraryTest.csproj", "{163D5D68-F425-43F3-B4F3-B80C26F2EA18}"
EndProject
Global
	GlobalSection(SolutionConfigurationPlatforms) = preSolution
		Debug|Any CPU = Debug|Any CPU
		Release|Any CPU = Release|Any CPU
	EndGlobalSection
	GlobalSection(SolutionProperties) = preSolution
		HideSolutionNode = FALSE
	EndGlobalSection
	GlobalSection(ProjectConfigurationPlatforms) = postSolution
		{D408E8D3-5EFF-4145-B3B4-0072F4345FA5}.Debug|Any CPU.ActiveCfg = Debug|Any CPU
		{D408E8D3-5EFF-4145-B3B4-0072F4345FA5}.Debug|Any CPU.Build.0 = Debug|Any CPU
		{D408E8D3-5EFF-4145-B3B4-0072F4345FA5}.Release|Any CPU.ActiveCfg = Release|Any CPU
		{D408E8D3-5EFF-4145-B3B4-0072F4345FA5}.Release|Any CPU.Build.0 = Release|Any CPU
		{FBCA5100-0245-486E-BF17-9B592D26B45C}.Debug|Any CPU.ActiveCfg = Debug|Any CPU
		{FBCA5100-0245-486E-BF17-9B592D26B45C}.Debug|Any CPU.Build.0 = Debug|Any CPU
		{FBCA5100-0245-486E-BF17-9B592D26B45C}.Release|Any CPU.ActiveCfg = Release|Any CPU
		{FBCA5100-0245-486E-BF17-9B592D26B45C}.Release|Any CPU.Build.0 = Release|Any CPU
		{163D5D68-F425-43F3-B4F3-B80C26F2EA18}.Debug|Any CPU.ActiveCfg = Debug|Any CPU
		{163D5D68-F425-43F3-B4F3-B80C26F2EA18}.Debug|Any CPU.Build.0 = Debug|Any CPU
		{163D5D68-F425-43F3-B4F3-B80C26F2EA18}.Release|Any CPU.ActiveCfg = Release|Any CPU
		{163D5D68-F425-43F3-B4F3-B80C26F2EA18}.Release|Any CPU.Build.0 = Release|Any CPU
	EndGlobalSection
EndGlobal
